github.com/laher/argo v0.0.0-20140722103944-11d91c83cc0f h1:fQ8JwxJN77cxE0foUmSHkKQebcxyd6vAfWCv7Bs5r34=
github.com/laher/argo v0.0.0-20140722103944-11d91c83cc0f/go.mod h1:Ymqfd31XvifvQ001Ty97DbYjQoeJPnb1WVkFhGeNYA4=
github.com/laher/debgo-v0.2 v0.0.0-20140721103107-b076d9197d2a h1:lWtBddA4GUrbehqekhjv3qsX4HYeBAuCfSWsvdf009g=
github.com/laher/debgo-v0.2 v0.0.0-20140721103107-b076d9197d2a/go.mod h1:njtodhmVyQh1La4cv66X9jf8q08v6S8Wd1/uiJRw+j4=
